Microsoft Visual Studio Solution File, Format Version 12.00
# Visual Studio Version 17
VisualStudioVersion = 17.5.2.0
MinimumVisualStudioVersion = 10.0.40219.1
Project("{FAE04EC0-301F-11D3-BF4B-00C04F79EFBC}") = "Backgammon.WebClient", "Backgammon.WebClient.csproj", "{5451399D-98B7-8B32-CE12-8E3627CEB098}"
EndProject
Global
	GlobalSection(SolutionConfigurationPlatforms) = preSolution
		Debug|Any CPU = Debug|Any CPU
		Release|Any CPU = Release|Any CPU
	EndGlobalSection
	GlobalSection(ProjectConfigurationPlatforms) = postSolution
		{5451399D-98B7-8B32-CE12-8E3627CEB098}.Debug|Any CPU.ActiveCfg = Debug|Any CPU
		{5451399D-98B7-8B32-CE12-8E3627CEB098}.Debug|Any CPU.Build.0 = Debug|Any CPU
		{5451399D-98B7-8B32-CE12-8E3627CEB098}.Release|Any CPU.ActiveCfg = Release|Any CPU
		{5451399D-98B7-8B32-CE12-8E3627CEB098}.Release|Any CPU.Build.0 = Release|Any CPU
	EndGlobalSection
	GlobalSection(SolutionProperties) = preSolution
		HideSolutionNode = FALSE
	EndGlobalSection
	GlobalSection(ExtensibilityGlobals) = postSolution
		SolutionGuid = {BFA3EF65-BA75-4804-B494-EF7051EB9C39}
	EndGlobalSection
EndGlobal
